
Microsoft Visual Studio Solution File, Format Version 12.00
# Visual Studio Version 17
VisualStudioVersion = 17.8.34302.71
MinimumVisualStudioVersion = 10.0.40219.1
Project("{FAE04EC0-301F-11D3-BF4B-00C04F79EFBC}") = "WebApplication1", "WebApplication1.csproj", "{BC7CFED9-F351-4451-822F-8A49869D4DCB}"
EndProject
Global
	GlobalSection(SolutionConfigurationPlatforms) = preSolution
		Debug|Any CPU = Debug|Any CPU
		Release|Any CPU = Release|Any CPU
	EndGlobalSection
	GlobalSection(ProjectConfigurationPlatforms) = postSolution
		{BC7CFED9-F351-4451-822F-8A49869D4DCB}.Debug|Any CPU.ActiveCfg = Debug|Any CPU
		{BC7CFED9-F351-4451-822F-8A49869D4DCB}.Debug|Any CPU.Build.0 = Debug|Any CPU
		{BC7CFED9-F351-4451-822F-8A49869D4DCB}.Release|Any CPU.ActiveCfg = Release|Any CPU
		{BC7CFED9-F351-4451-822F-8A49869D4DCB}.Release|Any CPU.Build.0 = Release|Any CPU
	EndGlobalSection
	GlobalSection(SolutionProperties) = preSolution
		HideSolutionNode = FALSE
	EndGlobalSection
	GlobalSection(ExtensibilityGlobals) = postSolution
		SolutionGuid = {E062E174-10A4-4043-A71B-2F593846B92C}
	EndGlobalSection
EndGlobal
